// !$*UTF8*$!
{
	archiveVersion = 1;
	classes = {
	};
	objectVersion = 48;
	objects = {

/* Begin PBXBuildFile section */
		341155DB201A5A6700DA57E7 /* AppDelegate.swift in Sources */ = {isa = PBXBuildFile; fileRef = 341155DA201A5A6700DA57E7 /* AppDelegate.swift */; };
		341155DD201A5A6700DA57E7 /* ViewController.swift in Sources */ = {isa = PBXBuildFile; fileRef = 341155DC201A5A6700DA57E7 /* ViewController.swift */; };
		341155E0201A5A6700DA57E7 /* Main.storyboard in Resources */ = {isa = PBXBuildFile; fileRef = 341155DE201A5A6700DA57E7 /* Main.storyboard */; };
		341155E2201A5A6700DA57E7 /* Assets.xcassets in Resources */ = {isa = PBXBuildFile; fileRef = 341155E1201A5A6700DA57E7 /* Assets.xcassets */; };
		341155E5201A5A6700DA57E7 /* LaunchScreen.storyboard in Resources */ = {isa = PBXBuildFile; fileRef = 341155E3201A5A6700DA57E7 /* LaunchScreen.storyboard */; };
		341155F0201A5A6700DA57E7 /* Challenge2Tests.swift in Sources */ = {isa = PBXBuildFile; fileRef = 341155EF201A5A6700DA57E7 /* Challenge2Tests.swift */; };
		341155FB201A5A6700DA57E7 /* Challenge2UITests.swift in Sources */ = {isa = PBXBuildFile; fileRef = 341155FA201A5A6700DA57E7 /* Challenge2UITests.swift */; };
/* End PBXBuildFile section */

/* Begin PBXContainerItemProxy section */
		341155EC201A5A6700DA57E7 /* PBXContainerItemProxy */ = {
			isa = PBXContainerItemProxy;
			containerPortal = 341155CF201A5A6700DA57E7 /* Project object */;
			proxyType = 1;
			remoteGlobalIDString = 341155D6201A5A6700DA57E7;
			remoteInfo = Challenge2;
		};
		341155F7201A5A6700DA57E7 /* PBXContainerItemProxy */ = {
			isa = PBXContainerItemProxy;
			containerPortal = 341155CF201A5A6700DA57E7 /* Project object */;
			proxyType = 1;
			remoteGlobalIDString = 341155D6201A5A6700DA57E7;
			remoteInfo = Challenge2;
		};
/* End PBXContainerItemProxy section */

/* Begin PBXFileReference section */
		341155D7201A5A6700DA57E7 /* Challenge2.app */ = {isa = PBXFileReference; explicitFileType = wrapper.application; includeInIndex = 0; path = Challenge2.app; sourceTree = BUILT_PRODUCTS_DIR; };
		341155DA201A5A6700DA57E7 /* AppDelegate.swift */ = {isa = PBXFileReference; lastKnownFileType = sourcecode.swift; path = AppDelegate.swift; sourceTree = "<group>"; };
		341155DC201A5A6700DA57E7 /* ViewController.swift */ = {isa = PBXFileReference; lastKnownFileType = sourcecode.swift; path = ViewController.swift; sourceTree = "<group>"; };
		341155DF201A5A6700DA57E7 /* Base */ = {isa = PBXFileReference; lastKnownFileType = file.storyboard; name = Base; path = Base.lproj/Main.storyboard; sourceTree = "<group>"; };
		341155E1201A5A6700DA57E7 /* Assets.xcassets */ = {isa = PBXFileReference; lastKnownFileType = folder.assetcatalog; path = Assets.xcassets; sourceTree = "<group>"; };
		341155E4201A5A6700DA57E7 /* Base */ = {isa = PBXFileReference; lastKnownFileType = file.storyboard; name = Base; path = Base.lproj/LaunchScreen.storyboard; sourceTree = "<group>"; };
		341155E6201A5A6700DA57E7 /* Info.plist */ = {isa = PBXFileReference; lastKnownFileType = text.plist.xml; path = Info.plist; sourceTree = "<group>"; };
		341155EB201A5A6700DA57E7 /* Challenge2Tests.xctest */ = {isa = PBXFileReference; explicitFileType = wrapper.cfbundle; includeInIndex = 0; path = Challenge2Tests.xctest; sourceTree = BUILT_PRODUCTS_DIR; };
		341155EF201A5A6700DA57E7 /* Challenge2Tests.swift */ = {isa = PBXFileReference; lastKnownFileType = sourcecode.swift; path = Challenge2Tests.swift; sourceTree = "<group>"; };
		341155F1201A5A6700DA57E7 /* Info.plist */ = {isa = PBXFileReference; lastKnownFileType = text.plist.xml; path = Info.plist; sourceTree = "<group>"; };
		341155F6201A5A6700DA57E7 /* Challenge2UITests.xctest */ = {isa = PBXFileReference; explicitFileType = wrapper.cfbundle; includeInIndex = 0; path = Challenge2UITests.xctest; sourceTree = BUILT_PRODUCTS_DIR; };
		341155FA201A5A6700DA57E7 /* Challenge2UITests.swift */ = {isa = PBXFileReference; lastKnownFileType = sourcecode.swift; path = Challenge2UITests.swift; sourceTree = "<group>"; };
		341155FC201A5A6700DA57E7 /* Info.plist */ = {isa = PBXFileReference; lastKnownFileType = text.plist.xml; path = Info.plist; sourceTree = "<group>"; };
/* End PBXFileReference section */

/* Begin PBXFrameworksBuildPhase section */
		341155D4201A5A6700DA57E7 /* Frameworks */ = {
			isa = PBXFrameworksBuildPhase;
			buildActionMask = 2147483647;
			files = (
			);
			runOnlyForDeploymentPostprocessing = 0;
		};
		341155E8201A5A6700DA57E7 /* Frameworks */ = {
			isa = PBXFrameworksBuildPhase;
			buildActionMask = 2147483647;
			files = (
			);
			runOnlyForDeploymentPostprocessing = 0;
		};
		341155F3201A5A6700DA57E7 /* Frameworks */ = {
			isa = PBXFrameworksBuildPhase;
			buildActionMask = 2147483647;
			files = (
			);
			runOnlyForDeploymentPostprocessing = 0;
		};
/* End PBXFrameworksBuildPhase section */

/* Begin PBXGroup section */
		341155CE201A5A6700DA57E7 = {
			isa = PBXGroup;
			children = (
				341155D9201A5A6700DA57E7 /* Challenge2 */,
				341155EE201A5A6700DA57E7 /* Challenge2Tests */,
				341155F9201A5A6700DA57E7 /* Challenge2UITests */,
				341155D8201A5A6700DA57E7 /* Products */,
			);
			sourceTree = "<group>";
		};
		341155D8201A5A6700DA57E7 /* Products */ = {
			isa = PBXGroup;
			children = (
				341155D7201A5A6700DA57E7 /* Challenge2.app */,
				341155EB201A5A6700DA57E7 /* Challenge2Tests.xctest */,
				341155F6201A5A6700DA57E7 /* Challenge2UITests.xctest */,
			);
			name = Products;
			sourceTree = "<group>";
		};
		341155D9201A5A6700DA57E7 /* Challenge2 */ = {
			isa = PBXGroup;
			children = (
				341155DA201A5A6700DA57E7 /* AppDelegate.swift */,
				341155DC201A5A6700DA57E7 /* ViewController.swift */,
				341155DE201A5A6700DA57E7 /* Main.storyboard */,
				341155E1201A5A6700DA57E7 /* Assets.xcassets */,
				341155E3201A5A6700DA57E7 /* LaunchScreen.storyboard */,
				341155E6201A5A6700DA57E7 /* Info.plist */,
			);
			path = Challenge2;
			sourceTree = "<group>";
		};
		341155EE201A5A6700DA57E7 /* Challenge2Tests */ = {
			isa = PBXGroup;
			children = (
				341155EF201A5A6700DA57E7 /* Challenge2Tests.swift */,
				341155F1201A5A6700DA57E7 /* Info.plist */,
			);
			path = Challenge2Tests;
			sourceTree = "<group>";
		};
		341155F9201A5A6700DA57E7 /* Challenge2UITests */ = {
			isa = PBXGroup;
			children = (
				341155FA201A5A6700DA57E7 /* Challenge2UITests.swift */,
				341155FC201A5A6700DA57E7 /* Info.plist */,
			);
			path = Challenge2UITests;
			sourceTree = "<group>";
		};
/* End PBXGroup section */

/* Begin PBXNativeTarget section */
		341155D6201A5A6700DA57E7 /* Challenge2 */ = {
			isa = PBXNativeTarget;
			buildConfigurationList = 341155FF201A5A6700DA57E7 /* Build configuration list for PBXNativeTarget "Challenge2" */;
			buildPhases = (
				341155D3201A5A6700DA57E7 /* Sources */,
				341155D4201A5A6700DA57E7 /* Frameworks */,
				341155D5201A5A6700DA57E7 /* Resources */,
			);
			buildRules = (
			);
			dependencies = (
			);
			name = Challenge2;
			productName = Challenge2;
			productReference = 341155D7201A5A6700DA57E7 /* Challenge2.app */;
			productType = "com.apple.product-type.application";
		};
		341155EA201A5A6700DA57E7 /* Challenge2Tests */ = {
			isa = PBXNativeTarget;
			buildConfigurationList = 34115602201A5A6700DA57E7 /* Build configuration list for PBXNativeTarget "Challenge2Tests" */;
			buildPhases = (
				341155E7201A5A6700DA57E7 /* Sources */,
				341155E8201A5A6700DA57E7 /* Frameworks */,
				341155E9201A5A6700DA57E7 /* Resources */,
			);
			buildRules = (
			);
			dependencies = (
				341155ED201A5A6700DA57E7 /* PBXTargetDependency */,
			);
			name = Challenge2Tests;
			productName = Challenge2Tests;
			productReference = 341155EB201A5A6700DA57E7 /* Challenge2Tests.xctest */;
			productType = "com.apple.product-type.bundle.unit-test";
		};
		341155F5201A5A6700DA57E7 /* Challenge2UITests */ = {
			isa = PBXNativeTarget;
			buildConfigurationList = 34115605201A5A6700DA57E7 /* Build configuration list for PBXNativeTarget "Challenge2UITests" */;
			buildPhases = (
				341155F2201A5A6700DA57E7 /* Sources */,
				341155F3201A5A6700DA57E7 /* Frameworks */,
				341155F4201A5A6700DA57E7 /* Resources */,
			);
			buildRules = (
			);
			dependencies = (
				341155F8201A5A6700DA57E7 /* PBXTargetDependency */,
			);
			name = Challenge2UITests;
			productName = Challenge2UITests;
			productReference = 341155F6201A5A6700DA57E7 /* Challenge2UITests.xctest */;
			productType = "com.apple.product-type.bundle.ui-testing";
		};
/* End PBXNativeTarget section */

/* Begin PBXProject section */
		341155CF201A5A6700DA57E7 /* Project object */ = {
			isa = PBXProject;
			attributes = {
				LastSwiftUpdateCheck = 0920;
				LastUpgradeCheck = 0920;
				ORGANIZATIONNAME = "Schwarz, Matthew";
				TargetAttributes = {
					341155D6201A5A6700DA57E7 = {
						CreatedOnToolsVersion = 9.2;
						ProvisioningStyle = Automatic;
					};
					341155EA201A5A6700DA57E7 = {
						CreatedOnToolsVersion = 9.2;
						ProvisioningStyle = Automatic;
						TestTargetID = 341155D6201A5A6700DA57E7;
					};
					341155F5201A5A6700DA57E7 = {
						CreatedOnToolsVersion = 9.2;
						ProvisioningStyle = Automatic;
						TestTargetID = 341155D6201A5A6700DA57E7;
					};
				};
			};
			buildConfigurationList = 341155D2201A5A6700DA57E7 /* Build configuration list for PBXProject "Challenge2" */;
			compatibilityVersion = "Xcode 8.0";
			developmentRegion = en;
			hasScannedForEncodings = 0;
			knownRegions = (
				en,
				Base,
			);
			mainGroup = 341155CE201A5A6700DA57E7;
			productRefGroup = 341155D8201A5A6700DA57E7 /* Products */;
			projectDirPath = "";
			projectRoot = "";
			targets = (
				341155D6201A5A6700DA57E7 /* Challenge2 */,
				341155EA201A5A6700DA57E7 /* Challenge2Tests */,
				341155F5201A5A6700DA57E7 /* Challenge2UITests */,
			);
		};
/* End PBXProject section */

/* Begin PBXResourcesBuildPhase section */
		341155D5201A5A6700DA57E7 /* Resources */ = {
			isa = PBXResourcesBuildPhase;
			buildActionMask = 2147483647;
			files = (
				341155E5201A5A6700DA57E7 /* LaunchScreen.storyboard in Resources */,
				341155E2201A5A6700DA57E7 /* Assets.xcassets in Resources */,
				341155E0201A5A6700DA57E7 /* Main.storyboard in Resources */,
			);
			runOnlyForDeploymentPostprocessing = 0;
		};
		341155E9201A5A6700DA57E7 /* Resources */ = {
			isa = PBXResourcesBuildPhase;
			buildActionMask = 2147483647;
			files = (
			);
			runOnlyForDeploymentPostprocessing = 0;
		};
		341155F4201A5A6700DA57E7 /* Resources */ = {
			isa = PBXResourcesBuildPhase;
			buildActionMask = 2147483647;
			files = (
			);
			runOnlyForDeploymentPostprocessing = 0;
		};
/* End PBXResourcesBuildPhase section */

/* Begin PBXSourcesBuildPhase section */
		341155D3201A5A6700DA57E7 /* Sources */ = {
			isa = PBXSourcesBuildPhase;
			buildActionMask = 2147483647;
			files = (
				341155DD201A5A6700DA57E7 /* ViewController.swift in Sources */,
				341155DB201A5A6700DA57E7 /* AppDelegate.swift in Sources */,
			);
			runOnlyForDeploymentPostprocessing = 0;
		};
		341155E7201A5A6700DA57E7 /* Sources */ = {
			isa = PBXSourcesBuildPhase;
			buildActionMask = 2147483647;
			files = (
				341155F0201A5A6700DA57E7 /* Challenge2Tests.swift in Sources */,
			);
			runOnlyForDeploymentPostprocessing = 0;
		};
		341155F2201A5A6700DA57E7 /* Sources */ = {
			isa = PBXSourcesBuildPhase;
			buildActionMask = 2147483647;
			files = (
				341155FB201A5A6700DA57E7 /* Challenge2UITests.swift in Sources */,
			);
			runOnlyForDeploymentPostprocessing = 0;
		};
/* End PBXSourcesBuildPhase section */

/* Begin PBXTargetDependency section */
		341155ED201A5A6700DA57E7 /* PBXTargetDependency */ = {
			isa = PBXTargetDependency;
			target = 341155D6201A5A6700DA57E7 /* Challenge2 */;
			targetProxy = 341155EC201A5A6700DA57E7 /* PBXContainerItemProxy */;
		};
		341155F8201A5A6700DA57E7 /* PBXTargetDependency */ = {
			isa = PBXTargetDependency;
			target = 341155D6201A5A6700DA57E7 /* Challenge2 */;
			targetProxy = 341155F7201A5A6700DA57E7 /* PBXContainerItemProxy */;
		};
/* End PBXTargetDependency section */

/* Begin PBXVariantGroup section */
		341155DE201A5A6700DA57E7 /* Main.storyboard */ = {
			isa = PBXVariantGroup;
			children = (
				341155DF201A5A6700DA57E7 /* Base */,
			);
			name = Main.storyboard;
			sourceTree = "<group>";
		};
		341155E3201A5A6700DA57E7 /* LaunchScreen.storyboard */ = {
			isa = PBXVariantGroup;
			children = (
				341155E4201A5A6700DA57E7 /* Base */,
			);
			name = LaunchScreen.storyboard;
			sourceTree = "<group>";
		};
/* End PBXVariantGroup section */

/* Begin XCBuildConfiguration section */
		341155FD201A5A6700DA57E7 /* Debug */ = {
			isa = XCBuildConfiguration;
			buildSettings = {
				ALWAYS_SEARCH_USER_PATHS = NO;
				CLANG_ANALYZER_NONNULL = YES;
				CLANG_ANALYZER_NUMBER_OBJECT_CONVERSION = YES_AGGRESSIVE;
				CLANG_CXX_LANGUAGE_STANDARD = "gnu++14";
				CLANG_CXX_LIBRARY = "libc++";
				CLANG_ENABLE_MODULES = YES;
				CLANG_ENABLE_OBJC_ARC = YES;
				CLANG_WARN_BLOCK_CAPTURE_AUTORELEASING = YES;
				CLANG_WARN_BOOL_CONVERSION = YES;
				CLANG_WARN_COMMA = YES;
				CLANG_WARN_CONSTANT_CONVERSION = YES;
				CLANG_WARN_DIRECT_OBJC_ISA_USAGE = YES_ERROR;
				CLANG_WARN_DOCUMENTATION_COMMENTS = YES;
				CLANG_WARN_EMPTY_BODY = YES;
				CLANG_WARN_ENUM_CONVERSION = YES;
				CLANG_WARN_INFINITE_RECURSION = YES;
				CLANG_WARN_INT_CONVERSION = YES;
				CLANG_WARN_NON_LITERAL_NULL_CONVERSION = YES;
				CLANG_WARN_OBJC_LITERAL_CONVERSION = YES;
				CLANG_WARN_OBJC_ROOT_CLASS = YES_ERROR;
				CLANG_WARN_RANGE_LOOP_ANALYSIS = YES;
				CLANG_WARN_STRICT_PROTOTYPES = YES;
				CLANG_WARN_SUSPICIOUS_MOVE = YES;
				CLANG_WARN_UNGUARDED_AVAILABILITY = YES_AGGRESSIVE;
				CLANG_WARN_UNREACHABLE_CODE = YES;
				CLANG_WARN__DUPLICATE_METHOD_MATCH = YES;
				CODE_SIGN_IDENTITY = "iPhone Developer";
				COPY_PHASE_STRIP = NO;
				DEBUG_INFORMATION_FORMAT = dwarf;
				ENABLE_STRICT_OBJC_MSGSEND = YES;
				ENABLE_TESTABILITY = YES;
				GCC_C_LANGUAGE_STANDARD = gnu11;
				GCC_DYNAMIC_NO_PIC = NO;
				GCC_NO_COMMON_BLOCKS = YES;
				GCC_OPTIMIZATION_LEVEL = 0;
				GCC_PREPROCESSOR_DEFINITIONS = (
					"DEBUG=1",
					"$(inherited)",
				);
				GCC_WARN_64_TO_32_BIT_CONVERSION = YES;
				GCC_WARN_ABOUT_RETURN_TYPE = YES_ERROR;
				GCC_WARN_UNDECLARED_SELECTOR = YES;
				GCC_WARN_UNINITIALIZED_AUTOS = YES_AGGRESSIVE;
				GCC_WARN_UNUSED_FUNCTION = YES;
				GCC_WARN_UNUSED_VARIABLE = YES;
				IPHONEOS_DEPLOYMENT_TARGET = 11.2;
				MTL_ENABLE_DEBUG_INFO = YES;
				ONLY_ACTIVE_ARCH = YES;
				SDKROOT = iphoneos;
				SWIFT_ACTIVE_COMPILATION_CONDITIONS = DEBUG;
				SWIFT_OPTIMIZATION_LEVEL = "-Onone";
			};
			name = Debug;
		};
		341155FE201A5A6700DA57E7 /* Release */ = {
			isa = XCBuildConfiguration;
			buildSettings = {
				ALWAYS_SEARCH_USER_PATHS = NO;
				CLANG_ANALYZER_NONNULL = YES;
				CLANG_ANALYZER_NUMBER_OBJECT_CONVERSION = YES_AGGRESSIVE;
				CLANG_CXX_LANGUAGE_STANDARD = "gnu++14";
				CLANG_CXX_LIBRARY = "libc++";
				CLANG_ENABLE_MODULES = YES;
				CLANG_ENABLE_OBJC_ARC = YES;
				CLANG_WARN_BLOCK_CAPTURE_AUTORELEASING = YES;
				CLANG_WARN_BOOL_CONVERSION = YES;
				CLANG_WARN_COMMA = YES;
				CLANG_WARN_CONSTANT_CONVERSION = YES;
				CLANG_WARN_DIRECT_OBJC_ISA_USAGE = YES_ERROR;
				CLANG_WARN_DOCUMENTATION_COMMENTS = YES;
				CLANG_WARN_EMPTY_BODY = YES;
				CLANG_WARN_ENUM_CONVERSION = YES;
				CLANG_WARN_INFINITE_RECURSION = YES;
				CLANG_WARN_INT_CONVERSION = YES;
				CLANG_WARN_NON_LITERAL_NULL_CONVERSION = YES;
				CLANG_WARN_OBJC_LITERAL_CONVERSION = YES;
				CLANG_WARN_OBJC_ROOT_CLASS = YES_ERROR;
				CLANG_WARN_RANGE_LOOP_ANALYSIS = YES;
				CLANG_WARN_STRICT_PROTOTYPES = YES;
				CLANG_WARN_SUSPICIOUS_MOVE = YES;
				CLANG_WARN_UNGUARDED_AVAILABILITY = YES_AGGRESSIVE;
				CLANG_WARN_UNREACHABLE_CODE = YES;
				CLANG_WARN__DUPLICATE_METHOD_MATCH = YES;
				CODE_SIGN_IDENTITY = "iPhone Developer";
				COPY_PHASE_STRIP = NO;
				DEBUG_INFORMATION_FORMAT = "dwarf-with-dsym";
				ENABLE_NS_ASSERTIONS = NO;
				ENABLE_STRICT_OBJC_MSGSEND = YES;
				GCC_C_LANGUAGE_STANDARD = gnu11;
				GCC_NO_COMMON_BLOCKS = YES;
				GCC_WARN_64_TO_32_BIT_CONVERSION = YES;
				GCC_WARN_ABOUT_RETURN_TYPE = YES_ERROR;
				GCC_WARN_UNDECLARED_SELECTOR = YES;
				GCC_WARN_UNINITIALIZED_AUTOS = YES_AGGRESSIVE;
				GCC_WARN_UNUSED_FUNCTION = YES;
				GCC_WARN_UNUSED_VARIABLE = YES;
				IPHONEOS_DEPLOYMENT_TARGET = 11.2;
				MTL_ENABLE_DEBUG_INFO = NO;
				SDKROOT = iphoneos;
				SWIFT_OPTIMIZATION_LEVEL = "-Owholemodule";
				VALIDATE_PRODUCT = YES;
			};
			name = Release;
		};
		34115600201A5A6700DA57E7 /* Debug */ = {
			isa = XCBuildConfiguration;
			buildSettings = {
				ASSETCATALOG_COMPILER_APPICON_NAME = AppIcon;
				CODE_SIGN_STYLE = Automatic;
				INFOPLIST_FILE = Challenge2/Info.plist;
				LD_RUNPATH_SEARCH_PATHS = "$(inherited) @executable_path/Frameworks";
				PRODUCT_BUNDLE_IDENTIFIER = edu.missouri.Challenge2;
				PRODUCT_NAME = "$(TARGET_NAME)";
				SWIFT_VERSION = 4.0;
				TARGETED_DEVICE_FAMILY = "1,2";
			};
			name = Debug;
		};
		34115601201A5A6700DA57E7 /* Release */ = {
			isa = XCBuildConfiguration;
			buildSettings = {
				ASSETCATALOG_COMPILER_APPICON_NAME = AppIcon;
				CODE_SIGN_STYLE = Automatic;
				INFOPLIST_FILE = Challenge2/Info.plist;
				LD_RUNPATH_SEARCH_PATHS = "$(inherited) @executable_path/Frameworks";
				PRODUCT_BUNDLE_IDENTIFIER = edu.missouri.Challenge2;
				PRODUCT_NAME = "$(TARGET_NAME)";
				SWIFT_VERSION = 4.0;
				TARGETED_DEVICE_FAMILY = "1,2";
			};
			name = Release;
		};
		34115603201A5A6700DA57E7 /* Debug */ = {
			isa = XCBuildConfiguration;
			buildSettings = {
				ALWAYS_EMBED_SWIFT_STANDARD_LIBRARIES = YES;
				BUNDLE_LOADER = "$(TEST_HOST)";
				CODE_SIGN_STYLE = Automatic;
				INFOPLIST_FILE = Challenge2Tests/Info.plist;
				LD_RUNPATH_SEARCH_PATHS = "$(inherited) @executable_path/Frameworks @loader_path/Frameworks";
				PRODUCT_BUNDLE_IDENTIFIER = edu.missouri.Challenge2Tests;
				PRODUCT_NAME = "$(TARGET_NAME)";
				SWIFT_VERSION = 4.0;
				TARGETED_DEVICE_FAMILY = "1,2";
				TEST_HOST = "$(BUILT_PRODUCTS_DIR)/Challenge2.app/Challenge2";
			};
			name = Debug;
		};
		34115604201A5A6700DA57E7 /* Release */ = {
			isa = XCBuildConfiguration;
			buildSettings = {
				ALWAYS_EMBED_SWIFT_STANDARD_LIBRARIES = YES;
				BUNDLE_LOADER = "$(TEST_HOST)";
				CODE_SIGN_STYLE = Automatic;
				INFOPLIST_FILE = Challenge2Tests/Info.plist;
				LD_RUNPATH_SEARCH_PATHS = "$(inherited) @executable_path/Frameworks @loader_path/Frameworks";
				PRODUCT_BUNDLE_IDENTIFIER = edu.missouri.Challenge2Tests;
				PRODUCT_NAME = "$(TARGET_NAME)";
				SWIFT_VERSION = 4.0;
				TARGETED_DEVICE_FAMILY = "1,2";
				TEST_HOST = "$(BUILT_PRODUCTS_DIR)/Challenge2.app/Challenge2";
			};
			name = Release;
		};
		34115606201A5A6700DA57E7 /* Debug */ = {
			isa = XCBuildConfiguration;
			buildSettings = {
				ALWAYS_EMBED_SWIFT_STANDARD_LIBRARIES = YES;
				CODE_SIGN_STYLE = Automatic;
				INFOPLIST_FILE = Challenge2UITests/Info.plist;
				LD_RUNPATH_SEARCH_PATHS = "$(inherited) @executable_path/Frameworks @loader_path/Frameworks";
				PRODUCT_BUNDLE_IDENTIFIER = edu.missouri.Challenge2UITests;
				PRODUCT_NAME = "$(TARGET_NAME)";
				SWIFT_VERSION = 4.0;
				TARGETED_DEVICE_FAMILY = "1,2";
				TEST_TARGET_NAME = Challenge2;
			};
			name = Debug;
		};
		34115607201A5A6700DA57E7 /* Release */ = {
			isa = XCBuildConfiguration;
			buildSettings = {
				ALWAYS_EMBED_SWIFT_STANDARD_LIBRARIES = YES;
				CODE_SIGN_STYLE = Automatic;
				INFOPLIST_FILE = Challenge2UITests/Info.plist;
				LD_RUNPATH_SEARCH_PATHS = "$(inherited) @executable_path/Frameworks @loader_path/Frameworks";
				PRODUCT_BUNDLE_IDENTIFIER = edu.missouri.Challenge2UITests;
				PRODUCT_NAME = "$(TARGET_NAME)";
				SWIFT_VERSION = 4.0;
				TARGETED_DEVICE_FAMILY = "1,2";
				TEST_TARGET_NAME = Challenge2;
			};
			name = Release;
		};
/* End XCBuildConfiguration section */

/* Begin XCConfigurationList section */
		341155D2201A5A6700DA57E7 /* Build configuration list for PBXProject "Challenge2" */ = {
			isa = XCConfigurationList;
			buildConfigurations = (
				341155FD201A5A6700DA57E7 /* Debug */,
				341155FE201A5A6700DA57E7 /* Release */,
			);
			defaultConfigurationIsVisible = 0;
			defaultConfigurationName = Release;
		};
		341155FF201A5A6700DA57E7 /* Build configuration list for PBXNativeTarget "Challenge2" */ = {
			isa = XCConfigurationList;
			buildConfigurations = (
				34115600201A5A6700DA57E7 /* Debug */,
				34115601201A5A6700DA57E7 /* Release */,
			);
			defaultConfigurationIsVisible = 0;
			defaultConfigurationName = Release;
		};
		34115602201A5A6700DA57E7 /* Build configuration list for PBXNativeTarget "Challenge2Tests" */ = {
			isa = XCConfigurationList;
			buildConfigurations = (
				34115603201A5A6700DA57E7 /* Debug */,
				34115604201A5A6700DA57E7 /* Release */,
			);
			defaultConfigurationIsVisible = 0;
			defaultConfigurationName = Release;
		};
		34115605201A5A6700DA57E7 /* Build configuration list for PBXNativeTarget "Challenge2UITests" */ = {
			isa = XCConfigurationList;
			buildConfigurations = (
				34115606201A5A6700DA57E7 /* Debug */,
				34115607201A5A6700DA57E7 /* Release */,
			);
			defaultConfigurationIsVisible = 0;
			defaultConfigurationName = Release;
		};
/* End XCConfigurationList section */
	};
	rootObject = 341155CF201A5A6700DA57E7 /* Project object */;
}
