// !$*UTF8*$!
{
	archiveVersion = 1;
	classes = {
	};
	objectVersion = 48;
	objects = {

/* Begin PBXBuildFile section */
		3411564F2020EF0800DA57E7 /* AppDelegate.swift in Sources */ = {isa = PBXBuildFile; fileRef = 3411564E2020EF0800DA57E7 /* AppDelegate.swift */; };
		341156512020EF0800DA57E7 /* ViewController.swift in Sources */ = {isa = PBXBuildFile; fileRef = 341156502020EF0800DA57E7 /* ViewController.swift */; };
		341156542020EF0800DA57E7 /* Main.storyboard in Resources */ = {isa = PBXBuildFile; fileRef = 341156522020EF0800DA57E7 /* Main.storyboard */; };
		341156562020EF0800DA57E7 /* Assets.xcassets in Resources */ = {isa = PBXBuildFile; fileRef = 341156552020EF0800DA57E7 /* Assets.xcassets */; };
		341156592020EF0800DA57E7 /* LaunchScreen.storyboard in Resources */ = {isa = PBXBuildFile; fileRef = 341156572020EF0800DA57E7 /* LaunchScreen.storyboard */; };
		341156642020EF0900DA57E7 /* Color_ChangerTests.swift in Sources */ = {isa = PBXBuildFile; fileRef = 341156632020EF0900DA57E7 /* Color_ChangerTests.swift */; };
		3411566F2020EF0900DA57E7 /* Color_ChangerUITests.swift in Sources */ = {isa = PBXBuildFile; fileRef = 3411566E2020EF0900DA57E7 /* Color_ChangerUITests.swift */; };
/* End PBXBuildFile section */

/* Begin PBXContainerItemProxy section */
		341156602020EF0900DA57E7 /* PBXContainerItemProxy */ = {
			isa = PBXContainerItemProxy;
			containerPortal = 341156432020EF0800DA57E7 /* Project object */;
			proxyType = 1;
			remoteGlobalIDString = 3411564A2020EF0800DA57E7;
			remoteInfo = "Color Changer";
		};
		3411566B2020EF0900DA57E7 /* PBXContainerItemProxy */ = {
			isa = PBXContainerItemProxy;
			containerPortal = 341156432020EF0800DA57E7 /* Project object */;
			proxyType = 1;
			remoteGlobalIDString = 3411564A2020EF0800DA57E7;
			remoteInfo = "Color Changer";
		};
/* End PBXContainerItemProxy section */

/* Begin PBXFileReference section */
		3411564B2020EF0800DA57E7 /* Color Changer.app */ = {isa = PBXFileReference; explicitFileType = wrapper.application; includeInIndex = 0; path = "Color Changer.app"; sourceTree = BUILT_PRODUCTS_DIR; };
		3411564E2020EF0800DA57E7 /* AppDelegate.swift */ = {isa = PBXFileReference; lastKnownFileType = sourcecode.swift; path = AppDelegate.swift; sourceTree = "<group>"; };
		341156502020EF0800DA57E7 /* ViewController.swift */ = {isa = PBXFileReference; lastKnownFileType = sourcecode.swift; path = ViewController.swift; sourceTree = "<group>"; };
		341156532020EF0800DA57E7 /* Base */ = {isa = PBXFileReference; lastKnownFileType = file.storyboard; name = Base; path = Base.lproj/Main.storyboard; sourceTree = "<group>"; };
		341156552020EF0800DA57E7 /* Assets.xcassets */ = {isa = PBXFileReference; lastKnownFileType = folder.assetcatalog; path = Assets.xcassets; sourceTree = "<group>"; };
		341156582020EF0800DA57E7 /* Base */ = {isa = PBXFileReference; lastKnownFileType = file.storyboard; name = Base; path = Base.lproj/LaunchScreen.storyboard; sourceTree = "<group>"; };
		3411565A2020EF0800DA57E7 /* Info.plist */ = {isa = PBXFileReference; lastKnownFileType = text.plist.xml; path = Info.plist; sourceTree = "<group>"; };
		3411565F2020EF0900DA57E7 /* Color ChangerTests.xctest */ = {isa = PBXFileReference; explicitFileType = wrapper.cfbundle; includeInIndex = 0; path = "Color ChangerTests.xctest"; sourceTree = BUILT_PRODUCTS_DIR; };
		341156632020EF0900DA57E7 /* Color_ChangerTests.swift */ = {isa = PBXFileReference; lastKnownFileType = sourcecode.swift; path = Color_ChangerTests.swift; sourceTree = "<group>"; };
		341156652020EF0900DA57E7 /* Info.plist */ = {isa = PBXFileReference; lastKnownFileType = text.plist.xml; path = Info.plist; sourceTree = "<group>"; };
		3411566A2020EF0900DA57E7 /* Color ChangerUITests.xctest */ = {isa = PBXFileReference; explicitFileType = wrapper.cfbundle; includeInIndex = 0; path = "Color ChangerUITests.xctest"; sourceTree = BUILT_PRODUCTS_DIR; };
		3411566E2020EF0900DA57E7 /* Color_ChangerUITests.swift */ = {isa = PBXFileReference; lastKnownFileType = sourcecode.swift; path = Color_ChangerUITests.swift; sourceTree = "<group>"; };
		341156702020EF0900DA57E7 /* Info.plist */ = {isa = PBXFileReference; lastKnownFileType = text.plist.xml; path = Info.plist; sourceTree = "<group>"; };
/* End PBXFileReference section */

/* Begin PBXFrameworksBuildPhase section */
		341156482020EF0800DA57E7 /* Frameworks */ = {
			isa = PBXFrameworksBuildPhase;
			buildActionMask = 2147483647;
			files = (
			);
			runOnlyForDeploymentPostprocessing = 0;
		};
		3411565C2020EF0900DA57E7 /* Frameworks */ = {
			isa = PBXFrameworksBuildPhase;
			buildActionMask = 2147483647;
			files = (
			);
			runOnlyForDeploymentPostprocessing = 0;
		};
		341156672020EF0900DA57E7 /* Frameworks */ = {
			isa = PBXFrameworksBuildPhase;
			buildActionMask = 2147483647;
			files = (
			);
			runOnlyForDeploymentPostprocessing = 0;
		};
/* End PBXFrameworksBuildPhase section */

/* Begin PBXGroup section */
		341156422020EF0800DA57E7 = {
			isa = PBXGroup;
			children = (
				3411564D2020EF0800DA57E7 /* Color Changer */,
				341156622020EF0900DA57E7 /* Color ChangerTests */,
				3411566D2020EF0900DA57E7 /* Color ChangerUITests */,
				3411564C2020EF0800DA57E7 /* Products */,
			);
			sourceTree = "<group>";
		};
		3411564C2020EF0800DA57E7 /* Products */ = {
			isa = PBXGroup;
			children = (
				3411564B2020EF0800DA57E7 /* Color Changer.app */,
				3411565F2020EF0900DA57E7 /* Color ChangerTests.xctest */,
				3411566A2020EF0900DA57E7 /* Color ChangerUITests.xctest */,
			);
			name = Products;
			sourceTree = "<group>";
		};
		3411564D2020EF0800DA57E7 /* Color Changer */ = {
			isa = PBXGroup;
			children = (
				3411564E2020EF0800DA57E7 /* AppDelegate.swift */,
				341156502020EF0800DA57E7 /* ViewController.swift */,
				341156522020EF0800DA57E7 /* Main.storyboard */,
				341156552020EF0800DA57E7 /* Assets.xcassets */,
				341156572020EF0800DA57E7 /* LaunchScreen.storyboard */,
				3411565A2020EF0800DA57E7 /* Info.plist */,
			);
			path = "Color Changer";
			sourceTree = "<group>";
		};
		341156622020EF0900DA57E7 /* Color ChangerTests */ = {
			isa = PBXGroup;
			children = (
				341156632020EF0900DA57E7 /* Color_ChangerTests.swift */,
				341156652020EF0900DA57E7 /* Info.plist */,
			);
			path = "Color ChangerTests";
			sourceTree = "<group>";
		};
		3411566D2020EF0900DA57E7 /* Color ChangerUITests */ = {
			isa = PBXGroup;
			children = (
				3411566E2020EF0900DA57E7 /* Color_ChangerUITests.swift */,
				341156702020EF0900DA57E7 /* Info.plist */,
			);
			path = "Color ChangerUITests";
			sourceTree = "<group>";
		};
/* End PBXGroup section */

/* Begin PBXNativeTarget section */
		3411564A2020EF0800DA57E7 /* Color Changer */ = {
			isa = PBXNativeTarget;
			buildConfigurationList = 341156732020EF0900DA57E7 /* Build configuration list for PBXNativeTarget "Color Changer" */;
			buildPhases = (
				341156472020EF0800DA57E7 /* Sources */,
				341156482020EF0800DA57E7 /* Frameworks */,
				341156492020EF0800DA57E7 /* Resources */,
			);
			buildRules = (
			);
			dependencies = (
			);
			name = "Color Changer";
			productName = "Color Changer";
			productReference = 3411564B2020EF0800DA57E7 /* Color Changer.app */;
			productType = "com.apple.product-type.application";
		};
		3411565E2020EF0900DA57E7 /* Color ChangerTests */ = {
			isa = PBXNativeTarget;
			buildConfigurationList = 341156762020EF0900DA57E7 /* Build configuration list for PBXNativeTarget "Color ChangerTests" */;
			buildPhases = (
				3411565B2020EF0900DA57E7 /* Sources */,
				3411565C2020EF0900DA57E7 /* Frameworks */,
				3411565D2020EF0900DA57E7 /* Resources */,
			);
			buildRules = (
			);
			dependencies = (
				341156612020EF0900DA57E7 /* PBXTargetDependency */,
			);
			name = "Color ChangerTests";
			productName = "Color ChangerTests";
			productReference = 3411565F2020EF0900DA57E7 /* Color ChangerTests.xctest */;
			productType = "com.apple.product-type.bundle.unit-test";
		};
		341156692020EF0900DA57E7 /* Color ChangerUITests */ = {
			isa = PBXNativeTarget;
			buildConfigurationList = 341156792020EF0900DA57E7 /* Build configuration list for PBXNativeTarget "Color ChangerUITests" */;
			buildPhases = (
				341156662020EF0900DA57E7 /* Sources */,
				341156672020EF0900DA57E7 /* Frameworks */,
				341156682020EF0900DA57E7 /* Resources */,
			);
			buildRules = (
			);
			dependencies = (
				3411566C2020EF0900DA57E7 /* PBXTargetDependency */,
			);
			name = "Color ChangerUITests";
			productName = "Color ChangerUITests";
			productReference = 3411566A2020EF0900DA57E7 /* Color ChangerUITests.xctest */;
			productType = "com.apple.product-type.bundle.ui-testing";
		};
/* End PBXNativeTarget section */

/* Begin PBXProject section */
		341156432020EF0800DA57E7 /* Project object */ = {
			isa = PBXProject;
			attributes = {
				LastSwiftUpdateCheck = 0920;
				LastUpgradeCheck = 0920;
				ORGANIZATIONNAME = "Schwarz, Matthew";
				TargetAttributes = {
					3411564A2020EF0800DA57E7 = {
						CreatedOnToolsVersion = 9.2;
						ProvisioningStyle = Automatic;
					};
					3411565E2020EF0900DA57E7 = {
						CreatedOnToolsVersion = 9.2;
						ProvisioningStyle = Automatic;
						TestTargetID = 3411564A2020EF0800DA57E7;
					};
					341156692020EF0900DA57E7 = {
						CreatedOnToolsVersion = 9.2;
						ProvisioningStyle = Automatic;
						TestTargetID = 3411564A2020EF0800DA57E7;
					};
				};
			};
			buildConfigurationList = 341156462020EF0800DA57E7 /* Build configuration list for PBXProject "Color Changer" */;
			compatibilityVersion = "Xcode 8.0";
			developmentRegion = en;
			hasScannedForEncodings = 0;
			knownRegions = (
				en,
				Base,
			);
			mainGroup = 341156422020EF0800DA57E7;
			productRefGroup = 3411564C2020EF0800DA57E7 /* Products */;
			projectDirPath = "";
			projectRoot = "";
			targets = (
				3411564A2020EF0800DA57E7 /* Color Changer */,
				3411565E2020EF0900DA57E7 /* Color ChangerTests */,
				341156692020EF0900DA57E7 /* Color ChangerUITests */,
			);
		};
/* End PBXProject section */

/* Begin PBXResourcesBuildPhase section */
		341156492020EF0800DA57E7 /* Resources */ = {
			isa = PBXResourcesBuildPhase;
			buildActionMask = 2147483647;
			files = (
				341156592020EF0800DA57E7 /* LaunchScreen.storyboard in Resources */,
				341156562020EF0800DA57E7 /* Assets.xcassets in Resources */,
				341156542020EF0800DA57E7 /* Main.storyboard in Resources */,
			);
			runOnlyForDeploymentPostprocessing = 0;
		};
		3411565D2020EF0900DA57E7 /* Resources */ = {
			isa = PBXResourcesBuildPhase;
			buildActionMask = 2147483647;
			files = (
			);
			runOnlyForDeploymentPostprocessing = 0;
		};
		341156682020EF0900DA57E7 /* Resources */ = {
			isa = PBXResourcesBuildPhase;
			buildActionMask = 2147483647;
			files = (
			);
			runOnlyForDeploymentPostprocessing = 0;
		};
/* End PBXResourcesBuildPhase section */

/* Begin PBXSourcesBuildPhase section */
		341156472020EF0800DA57E7 /* Sources */ = {
			isa = PBXSourcesBuildPhase;
			buildActionMask = 2147483647;
			files = (
				341156512020EF0800DA57E7 /* ViewController.swift in Sources */,
				3411564F2020EF0800DA57E7 /* AppDelegate.swift in Sources */,
			);
			runOnlyForDeploymentPostprocessing = 0;
		};
		3411565B2020EF0900DA57E7 /* Sources */ = {
			isa = PBXSourcesBuildPhase;
			buildActionMask = 2147483647;
			files = (
				341156642020EF0900DA57E7 /* Color_ChangerTests.swift in Sources */,
			);
			runOnlyForDeploymentPostprocessing = 0;
		};
		341156662020EF0900DA57E7 /* Sources */ = {
			isa = PBXSourcesBuildPhase;
			buildActionMask = 2147483647;
			files = (
				3411566F2020EF0900DA57E7 /* Color_ChangerUITests.swift in Sources */,
			);
			runOnlyForDeploymentPostprocessing = 0;
		};
/* End PBXSourcesBuildPhase section */

/* Begin PBXTargetDependency section */
		341156612020EF0900DA57E7 /* PBXTargetDependency */ = {
			isa = PBXTargetDependency;
			target = 3411564A2020EF0800DA57E7 /* Color Changer */;
			targetProxy = 341156602020EF0900DA57E7 /* PBXContainerItemProxy */;
		};
		3411566C2020EF0900DA57E7 /* PBXTargetDependency */ = {
			isa = PBXTargetDependency;
			target = 3411564A2020EF0800DA57E7 /* Color Changer */;
			targetProxy = 3411566B2020EF0900DA57E7 /* PBXContainerItemProxy */;
		};
/* End PBXTargetDependency section */

/* Begin PBXVariantGroup section */
		341156522020EF0800DA57E7 /* Main.storyboard */ = {
			isa = PBXVariantGroup;
			children = (
				341156532020EF0800DA57E7 /* Base */,
			);
			name = Main.storyboard;
			sourceTree = "<group>";
		};
		341156572020EF0800DA57E7 /* LaunchScreen.storyboard */ = {
			isa = PBXVariantGroup;
			children = (
				341156582020EF0800DA57E7 /* Base */,
			);
			name = LaunchScreen.storyboard;
			sourceTree = "<group>";
		};
/* End PBXVariantGroup section */

/* Begin XCBuildConfiguration section */
		341156712020EF0900DA57E7 /* Debug */ = {
			isa = XCBuildConfiguration;
			buildSettings = {
				ALWAYS_SEARCH_USER_PATHS = NO;
				CLANG_ANALYZER_NONNULL = YES;
				CLANG_ANALYZER_NUMBER_OBJECT_CONVERSION = YES_AGGRESSIVE;
				CLANG_CXX_LANGUAGE_STANDARD = "gnu++14";
				CLANG_CXX_LIBRARY = "libc++";
				CLANG_ENABLE_MODULES = YES;
				CLANG_ENABLE_OBJC_ARC = YES;
				CLANG_WARN_BLOCK_CAPTURE_AUTORELEASING = YES;
				CLANG_WARN_BOOL_CONVERSION = YES;
				CLANG_WARN_COMMA = YES;
				CLANG_WARN_CONSTANT_CONVERSION = YES;
				CLANG_WARN_DIRECT_OBJC_ISA_USAGE = YES_ERROR;
				CLANG_WARN_DOCUMENTATION_COMMENTS = YES;
				CLANG_WARN_EMPTY_BODY = YES;
				CLANG_WARN_ENUM_CONVERSION = YES;
				CLANG_WARN_INFINITE_RECURSION = YES;
				CLANG_WARN_INT_CONVERSION = YES;
				CLANG_WARN_NON_LITERAL_NULL_CONVERSION = YES;
				CLANG_WARN_OBJC_LITERAL_CONVERSION = YES;
				CLANG_WARN_OBJC_ROOT_CLASS = YES_ERROR;
				CLANG_WARN_RANGE_LOOP_ANALYSIS = YES;
				CLANG_WARN_STRICT_PROTOTYPES = YES;
				CLANG_WARN_SUSPICIOUS_MOVE = YES;
				CLANG_WARN_UNGUARDED_AVAILABILITY = YES_AGGRESSIVE;
				CLANG_WARN_UNREACHABLE_CODE = YES;
				CLANG_WARN__DUPLICATE_METHOD_MATCH = YES;
				CODE_SIGN_IDENTITY = "iPhone Developer";
				COPY_PHASE_STRIP = NO;
				DEBUG_INFORMATION_FORMAT = dwarf;
				ENABLE_STRICT_OBJC_MSGSEND = YES;
				ENABLE_TESTABILITY = YES;
				GCC_C_LANGUAGE_STANDARD = gnu11;
				GCC_DYNAMIC_NO_PIC = NO;
				GCC_NO_COMMON_BLOCKS = YES;
				GCC_OPTIMIZATION_LEVEL = 0;
				GCC_PREPROCESSOR_DEFINITIONS = (
					"DEBUG=1",
					"$(inherited)",
				);
				GCC_WARN_64_TO_32_BIT_CONVERSION = YES;
				GCC_WARN_ABOUT_RETURN_TYPE = YES_ERROR;
				GCC_WARN_UNDECLARED_SELECTOR = YES;
				GCC_WARN_UNINITIALIZED_AUTOS = YES_AGGRESSIVE;
				GCC_WARN_UNUSED_FUNCTION = YES;
				GCC_WARN_UNUSED_VARIABLE = YES;
				IPHONEOS_DEPLOYMENT_TARGET = 11.2;
				MTL_ENABLE_DEBUG_INFO = YES;
				ONLY_ACTIVE_ARCH = YES;
				SDKROOT = iphoneos;
				SWIFT_ACTIVE_COMPILATION_CONDITIONS = DEBUG;
				SWIFT_OPTIMIZATION_LEVEL = "-Onone";
			};
			name = Debug;
		};
		341156722020EF0900DA57E7 /* Release */ = {
			isa = XCBuildConfiguration;
			buildSettings = {
				ALWAYS_SEARCH_USER_PATHS = NO;
				CLANG_ANALYZER_NONNULL = YES;
				CLANG_ANALYZER_NUMBER_OBJECT_CONVERSION = YES_AGGRESSIVE;
				CLANG_CXX_LANGUAGE_STANDARD = "gnu++14";
				CLANG_CXX_LIBRARY = "libc++";
				CLANG_ENABLE_MODULES = YES;
				CLANG_ENABLE_OBJC_ARC = YES;
				CLANG_WARN_BLOCK_CAPTURE_AUTORELEASING = YES;
				CLANG_WARN_BOOL_CONVERSION = YES;
				CLANG_WARN_COMMA = YES;
				CLANG_WARN_CONSTANT_CONVERSION = YES;
				CLANG_WARN_DIRECT_OBJC_ISA_USAGE = YES_ERROR;
				CLANG_WARN_DOCUMENTATION_COMMENTS = YES;
				CLANG_WARN_EMPTY_BODY = YES;
				CLANG_WARN_ENUM_CONVERSION = YES;
				CLANG_WARN_INFINITE_RECURSION = YES;
				CLANG_WARN_INT_CONVERSION = YES;
				CLANG_WARN_NON_LITERAL_NULL_CONVERSION = YES;
				CLANG_WARN_OBJC_LITERAL_CONVERSION = YES;
				CLANG_WARN_OBJC_ROOT_CLASS = YES_ERROR;
				CLANG_WARN_RANGE_LOOP_ANALYSIS = YES;
				CLANG_WARN_STRICT_PROTOTYPES = YES;
				CLANG_WARN_SUSPICIOUS_MOVE = YES;
				CLANG_WARN_UNGUARDED_AVAILABILITY = YES_AGGRESSIVE;
				CLANG_WARN_UNREACHABLE_CODE = YES;
				CLANG_WARN__DUPLICATE_METHOD_MATCH = YES;
				CODE_SIGN_IDENTITY = "iPhone Developer";
				COPY_PHASE_STRIP = NO;
				DEBUG_INFORMATION_FORMAT = "dwarf-with-dsym";
				ENABLE_NS_ASSERTIONS = NO;
				ENABLE_STRICT_OBJC_MSGSEND = YES;
				GCC_C_LANGUAGE_STANDARD = gnu11;
				GCC_NO_COMMON_BLOCKS = YES;
				GCC_WARN_64_TO_32_BIT_CONVERSION = YES;
				GCC_WARN_ABOUT_RETURN_TYPE = YES_ERROR;
				GCC_WARN_UNDECLARED_SELECTOR = YES;
				GCC_WARN_UNINITIALIZED_AUTOS = YES_AGGRESSIVE;
				GCC_WARN_UNUSED_FUNCTION = YES;
				GCC_WARN_UNUSED_VARIABLE = YES;
				IPHONEOS_DEPLOYMENT_TARGET = 11.2;
				MTL_ENABLE_DEBUG_INFO = NO;
				SDKROOT = iphoneos;
				SWIFT_OPTIMIZATION_LEVEL = "-Owholemodule";
				VALIDATE_PRODUCT = YES;
			};
			name = Release;
		};
		341156742020EF0900DA57E7 /* Debug */ = {
			isa = XCBuildConfiguration;
			buildSettings = {
				ASSETCATALOG_COMPILER_APPICON_NAME = AppIcon;
				CODE_SIGN_STYLE = Automatic;
				INFOPLIST_FILE = "Color Changer/Info.plist";
				LD_RUNPATH_SEARCH_PATHS = "$(inherited) @executable_path/Frameworks";
				PRODUCT_BUNDLE_IDENTIFIER = "edu.missouri.Color-Changer";
				PRODUCT_NAME = "$(TARGET_NAME)";
				SWIFT_VERSION = 4.0;
				TARGETED_DEVICE_FAMILY = "1,2";
			};
			name = Debug;
		};
		341156752020EF0900DA57E7 /* Release */ = {
			isa = XCBuildConfiguration;
			buildSettings = {
				ASSETCATALOG_COMPILER_APPICON_NAME = AppIcon;
				CODE_SIGN_STYLE = Automatic;
				INFOPLIST_FILE = "Color Changer/Info.plist";
				LD_RUNPATH_SEARCH_PATHS = "$(inherited) @executable_path/Frameworks";
				PRODUCT_BUNDLE_IDENTIFIER = "edu.missouri.Color-Changer";
				PRODUCT_NAME = "$(TARGET_NAME)";
				SWIFT_VERSION = 4.0;
				TARGETED_DEVICE_FAMILY = "1,2";
			};
			name = Release;
		};
		341156772020EF0900DA57E7 /* Debug */ = {
			isa = XCBuildConfiguration;
			buildSettings = {
				ALWAYS_EMBED_SWIFT_STANDARD_LIBRARIES = YES;
				BUNDLE_LOADER = "$(TEST_HOST)";
				CODE_SIGN_STYLE = Automatic;
				INFOPLIST_FILE = "Color ChangerTests/Info.plist";
				LD_RUNPATH_SEARCH_PATHS = "$(inherited) @executable_path/Frameworks @loader_path/Frameworks";
				PRODUCT_BUNDLE_IDENTIFIER = "edu.missouri.Color-ChangerTests";
				PRODUCT_NAME = "$(TARGET_NAME)";
				SWIFT_VERSION = 4.0;
				TARGETED_DEVICE_FAMILY = "1,2";
				TEST_HOST = "$(BUILT_PRODUCTS_DIR)/Color Changer.app/Color Changer";
			};
			name = Debug;
		};
		341156782020EF0900DA57E7 /* Release */ = {
			isa = XCBuildConfiguration;
			buildSettings = {
				ALWAYS_EMBED_SWIFT_STANDARD_LIBRARIES = YES;
				BUNDLE_LOADER = "$(TEST_HOST)";
				CODE_SIGN_STYLE = Automatic;
				INFOPLIST_FILE = "Color ChangerTests/Info.plist";
				LD_RUNPATH_SEARCH_PATHS = "$(inherited) @executable_path/Frameworks @loader_path/Frameworks";
				PRODUCT_BUNDLE_IDENTIFIER = "edu.missouri.Color-ChangerTests";
				PRODUCT_NAME = "$(TARGET_NAME)";
				SWIFT_VERSION = 4.0;
				TARGETED_DEVICE_FAMILY = "1,2";
				TEST_HOST = "$(BUILT_PRODUCTS_DIR)/Color Changer.app/Color Changer";
			};
			name = Release;
		};
		3411567A2020EF0900DA57E7 /* Debug */ = {
			isa = XCBuildConfiguration;
			buildSettings = {
				ALWAYS_EMBED_SWIFT_STANDARD_LIBRARIES = YES;
				CODE_SIGN_STYLE = Automatic;
				INFOPLIST_FILE = "Color ChangerUITests/Info.plist";
				LD_RUNPATH_SEARCH_PATHS = "$(inherited) @executable_path/Frameworks @loader_path/Frameworks";
				PRODUCT_BUNDLE_IDENTIFIER = "edu.missouri.Color-ChangerUITests";
				PRODUCT_NAME = "$(TARGET_NAME)";
				SWIFT_VERSION = 4.0;
				TARGETED_DEVICE_FAMILY = "1,2";
				TEST_TARGET_NAME = "Color Changer";
			};
			name = Debug;
		};
		3411567B2020EF0900DA57E7 /* Release */ = {
			isa = XCBuildConfiguration;
			buildSettings = {
				ALWAYS_EMBED_SWIFT_STANDARD_LIBRARIES = YES;
				CODE_SIGN_STYLE = Automatic;
				INFOPLIST_FILE = "Color ChangerUITests/Info.plist";
				LD_RUNPATH_SEARCH_PATHS = "$(inherited) @executable_path/Frameworks @loader_path/Frameworks";
				PRODUCT_BUNDLE_IDENTIFIER = "edu.missouri.Color-ChangerUITests";
				PRODUCT_NAME = "$(TARGET_NAME)";
				SWIFT_VERSION = 4.0;
				TARGETED_DEVICE_FAMILY = "1,2";
				TEST_TARGET_NAME = "Color Changer";
			};
			name = Release;
		};
/* End XCBuildConfiguration section */

/* Begin XCConfigurationList section */
		341156462020EF0800DA57E7 /* Build configuration list for PBXProject "Color Changer" */ = {
			isa = XCConfigurationList;
			buildConfigurations = (
				341156712020EF0900DA57E7 /* Debug */,
				341156722020EF0900DA57E7 /* Release */,
			);
			defaultConfigurationIsVisible = 0;
			defaultConfigurationName = Release;
		};
		341156732020EF0900DA57E7 /* Build configuration list for PBXNativeTarget "Color Changer" */ = {
			isa = XCConfigurationList;
			buildConfigurations = (
				341156742020EF0900DA57E7 /* Debug */,
				341156752020EF0900DA57E7 /* Release */,
			);
			defaultConfigurationIsVisible = 0;
			defaultConfigurationName = Release;
		};
		341156762020EF0900DA57E7 /* Build configuration list for PBXNativeTarget "Color ChangerTests" */ = {
			isa = XCConfigurationList;
			buildConfigurations = (
				341156772020EF0900DA57E7 /* Debug */,
				341156782020EF0900DA57E7 /* Release */,
			);
			defaultConfigurationIsVisible = 0;
			defaultConfigurationName = Release;
		};
		341156792020EF0900DA57E7 /* Build configuration list for PBXNativeTarget "Color ChangerUITests" */ = {
			isa = XCConfigurationList;
			buildConfigurations = (
				3411567A2020EF0900DA57E7 /* Debug */,
				3411567B2020EF0900DA57E7 /* Release */,
			);
			defaultConfigurationIsVisible = 0;
			defaultConfigurationName = Release;
		};
/* End XCConfigurationList section */
	};
	rootObject = 341156432020EF0800DA57E7 /* Project object */;
}
